{
    "name": "frontend",
    "version": "1.0.0",
    "lockfileVersion": 2,
    "requires": true,
    "packages": {
        "": {
            "version": "1.0.0",
            "license": "ISC",
            "dependencies": {
                "react": "^17.0.2",
                "react-dom": "^17.0.2",
                "react-scripts": "4.0.3"
            }
        },
        "node_modules/react": {
            "version": "17.0.2",
            "resolved": "https://registry.npmjs.org/react/-/react-17.0.2.tgz",
            "integrity": "sha512-s+/2XKBlpHg8NJ5F+O7a2mL5F+mfY8OxLoUJb8wxNi+wbLQmgmY9uw5mt+gh0JJK5lqOo9mkNcmN2dkGLfQW/g==",
            "peerDependencies": {
                "react-dom": "^17.0.2"
            }
        },
        "node_modules/react-dom": {
            "version": "17.0.2",
            "resolved": "https://registry.npmjs.org/react-dom/-/react-dom-17.0.2.tgz",
            "integrity": "sha512-MC2F+9uDrr/T4/sY7yyLDAFi05skEgOnNJeF71+iIXokZ9r0rAL6F7F/ZWogHz0UbAkX7kZn5IWiRCQmv6qA5A==",
            "peerDependencies": {
                "react": "^17.0.2"
            }
        },
        "node_modules/react-scripts": {
            "version": "4.0.3",
            "resolved": "https://registry.npmjs.org/react-scripts/-/react-scripts-4.0.3.tgz",
            "integrity": "sha512-U4j3v9esFtoF/AwdvRzOaNgobEnzDBPceCEWgByT5VIFzY+5VO0s9GnW7T5M0AhHntJvZ0gCSGDl28gxpP8xew=="
        }
    },
    "dependencies": {
        "react": {
            "version": "17.0.2",
            "resolved": "https://registry.npmjs.org/react/-/react-17.0.2.tgz",
            "integrity": "sha512-s+/2XKBlpHg8NJ5F+O7a2mL5F+mfY8OxLoUJb8wxNi+wbLQmgmY9uw5mt+gh0JJK5lqOo9mkNcmN2dkGLfQW/g==",
            "requires": {
                "react-dom": "^17.0.2"
            }
        },
        "react-dom": {
            "version": "17.0.2",
            "resolved": "https://registry.npmjs.org/react-dom/-/react-dom-17.0.2.tgz",
            "integrity": "sha512-MC2F+9uDrr/T4/sY7yyLDAFi05skEgOnNJeF71+iIXokZ9r0rAL6F7F/ZWogHz0UbAkX7kZn5IWiRCQmv6qA5A==",
            "requires": {
                "react": "^17.0.2"
            }
        },
        "react-scripts": {
            "version": "4.0.3",
            "resolved": "https://registry.npmjs.org/react-scripts/-/react-scripts-4.0.3.tgz",
            "integrity": "sha512-U4j3v9esFtoF/AwdvRzOaNgobEnzDBPceCEWgByT5VIFzY+5VO0s9GnW7T5M0AhHntJvZ0gCSGDl28gxpP8xew=="
        }
    }
}